PODS:
  - AFNetworking (2.6.3):
    - AFNetworking/NSURLConnection (= 2.6.3)
    - AFNetworking/NSURLSession (= 2.6.3)
    - AFNetworking/Reachability (= 2.6.3)
    - AFNetworking/Security (= 2.6.3)
    - AFNetworking/Serialization (= 2.6.3)
    - AFNetworking/UIKit (= 2.6.3)
  - AFNetworking/NSURLConnection (2.6.3):
    - AFNetworking/Reachability
    - AFNetworking/Security
    - AFNetworking/Serialization
  - AFNetworking/NSURLSession (2.6.3):
    - AFNetworking/Reachability
    - AFNetworking/Security
    - AFNetworking/Serialization
  - AFNetworking/Reachability (2.6.3)
  - AFNetworking/Security (2.6.3)
  - AFNetworking/Serialization (2.6.3)
  - AFNetworking/UIKit (2.6.3):
    - AFNetworking/NSURLConnection
    - AFNetworking/NSURLSession
  - Bolts (1.7.0):
    - Bolts/AppLinks (= 1.7.0)
    - Bolts/Tasks (= 1.7.0)
  - Bolts/AppLinks (1.7.0):
    - Bolts/Tasks
  - Bolts/Tasks (1.7.0)
  - FBSDKCoreKit (4.12.0):
    - Bolts (~> 1.7)
  - FBSDKLoginKit (4.12.0):
    - FBSDKCoreKit
  - FBSDKShareKit (4.12.0):
    - FBSDKCoreKit
  - FXBlurView (1.6.4)
  - iNotify (1.5.5)
  - JXHTTP (3.0.2)
  - PKHUD (2.2.5)
  - Spectacles (1.0.1)
  - SwiftInAppPurchase (1.0.0)
  - SwiftyJSON (2.3.2)
  - TAPromotee (0.4.1):
    - FXBlurView (~> 1.6)
  - TMTumblrSDK (4.0.4):
    - TMTumblrSDK/Activity (= 4.0.4)
    - TMTumblrSDK/APIClient (= 4.0.4)
    - TMTumblrSDK/AppClient (= 4.0.4)
    - TMTumblrSDK/Core (= 4.0.4)
  - TMTumblrSDK/Activity (4.0.4)
  - TMTumblrSDK/APIClient (4.0.4):
    - JXHTTP
    - TMTumblrSDK/APIClient/Authentication (= 4.0.4)
  - TMTumblrSDK/APIClient/Authentication (4.0.4):
    - JXHTTP
    - TMTumblrSDK/Core
  - TMTumblrSDK/AppClient (4.0.4):
    - TMTumblrSDK/Core
  - TMTumblrSDK/Core (4.0.4):
    - Spectacles (~> 1.0)
  - TWPhotoPicker (1.0.0)

DEPENDENCIES:
  - AFNetworking (~> 2.5)
  - FBSDKCoreKit
  - FBSDKLoginKit
  - FBSDKShareKit
  - iNotify
  - PKHUD (~> 2.2)
  - SwiftInAppPurchase
  - SwiftyJSON (~> 2.1)
  - TAPromotee
  - TMTumblrSDK
  - TWPhotoPicker (~> 1.0.0)

SPEC CHECKSUMS:
  AFNetworking: cb8d14a848e831097108418f5d49217339d4eb60
  Bolts: a0058fa3b331c5a1e4402d534f2dae36dbff31e4
  FBSDKCoreKit: 6e56d5a2a64a755ad4efb5dbeee8f82fb1b99775
  FBSDKLoginKit: 03f68a8d48c2c8bb81d7eb8097973d483543e1f6
  FBSDKShareKit: df1491f064cffc8ebcc3fc8b71be94cc190c728e
  FXBlurView: db786c2561cb49a09ae98407f52460096ab8a44f
  iNotify: 89065b916d4f8c45013ebe11140f19225909d218
  JXHTTP: c37120f210cd2dfcb3470d70239f5253335e2f1a
  PKHUD: 15d9db01fb008bb9247c6d785c585f587955b113
  Spectacles: 8dc60711140320653724560e2d6bbb8a8f0940e4
  SwiftInAppPurchase: 88435af10194c7892e7524c40a53fe8894ae5a07
  SwiftyJSON: 04ccea08915aa0109039157c7974cf0298da292a
  TAPromotee: 7b0ae71f3350653fe9f224a5bb208aa23d484047
  TMTumblrSDK: 7b253e968a31f515aee0ee5f7e5faa8b7b0d0470
  TWPhotoPicker: 5e9bcd6097e8602e8243d1bdd54a5cf1afbedcf2

COCOAPODS: 0.39.0
